{
  "pins" : [
    {
      "identity" : "alamofire",
      "kind" : "remoteSourceControl",
      "location" : "https://github.com/Alamofire/Alamofire.git",
      "state" : {
        "revision" : "78424be314842833c04bc3bef5b72e85fff99204",
        "version" : "5.6.4"
      }
    },
    {
      "identity" : "alamofireimage",
      "kind" : "remoteSourceControl",
      "location" : "https://github.com/Alamofire/AlamofireImage",
      "state" : {
        "revision" : "98cbb00ce0ec5fc8e52a5b50a6bfc08d3e5aee10",
        "version" : "4.2.0"
      }
    },
    {
      "identity" : "googleappmeasurement",
      "kind" : "remoteSourceControl",
      "location" : "https://github.com/google/GoogleAppMeasurement.git",
      "state" : {
        "revision" : "9a09ece724128e8d1e14c5133b87c0e236844ac0",
        "version" : "10.4.0"
      }
    },
    {
      "identity" : "googleutilities",
      "kind" : "remoteSourceControl",
      "location" : "https://github.com/google/GoogleUtilities.git",
      "state" : {
        "revision" : "0543562f85620b5b7c510c6bcbef75b562a5127b",
        "version" : "7.11.0"
      }
    },
    {
      "identity" : "hmsegmentedcontrol",
      "kind" : "remoteSourceControl",
      "location" : "https://github.com/HeshamMegid/HMSegmentedControl",
      "state" : {
        "branch" : "master",
        "revision" : "a2852bd7fe75e0e40d832873ceb0f0a4ec1b8350"
      }
    },
    {
      "identity" : "lottie-ios",
      "kind" : "remoteSourceControl",
      "location" : "https://github.com/airbnb/lottie-ios",
      "state" : {
        "revision" : "440a6eebb8a8ae9c773e9a3e21021b72a74ffbb7",
        "version" : "4.1.2"
      }
    },
    {
      "identity" : "nanopb",
      "kind" : "remoteSourceControl",
      "location" : "https://github.com/firebase/nanopb.git",
      "state" : {
        "revision" : "819d0a2173aff699fb8c364b6fb906f7cdb1a692",
        "version" : "2.30909.0"
      }
    },
    {
      "identity" : "promises",
      "kind" : "remoteSourceControl",
      "location" : "https://github.com/google/promises.git",
      "state" : {
        "revision" : "ec957ccddbcc710ccc64c9dcbd4c7006fcf8b73a",
        "version" : "2.2.0"
      }
    },
    {
      "identity" : "sdwebimage",
      "kind" : "remoteSourceControl",
      "location" : "https://github.com/SDWebImage/SDWebImage",
      "state" : {
        "revision" : "6c6b951845a520fa7e8356e28adb5339c0f008d3",
        "version" : "5.15.0"
      }
    },
    {
      "identity" : "sdwebimageswiftui",
      "kind" : "remoteSourceControl",
      "location" : "https://github.com/SDWebImage/SDWebImageSwiftUI",
      "state" : {
        "revision" : "e837c37d45449fbd3b4745c10c5b5274e73edead",
        "version" : "2.2.3"
      }
    },
    {
      "identity" : "skeletonview",
      "kind" : "remoteSourceControl",
      "location" : "https://github.com/Juanpe/SkeletonView",
      "state" : {
        "revision" : "739a4f5d78731bebc48811c75fa9e1f4c4cef23e",
        "version" : "1.30.4"
      }
    },
    {
      "identity" : "swift-package-manager-google-mobile-ads",
      "kind" : "remoteSourceControl",
      "location" : "https://github.com/googleads/swift-package-manager-google-mobile-ads.git",
      "state" : {
        "revision" : "78f4c64d0f1900e54529e4c78075d663ca67d6e0",
        "version" : "9.14.0"
      }
    },
    {
      "identity" : "swift-package-manager-google-user-messaging-platform",
      "kind" : "remoteSourceControl",
      "location" : "https://github.com/googleads/swift-package-manager-google-user-messaging-platform.git",
      "state" : {
        "revision" : "3b924ce3313a5fd2fc6a8dc889a8c38f76890fe3",
        "version" : "2.0.0"
      }
    },
    {
      "identity" : "youtube-ios-player-helper",
      "kind" : "remoteSourceControl",
      "location" : "https://github.com/youtube/youtube-ios-player-helper",
      "state" : {
        "revision" : "f57129cd4380ec0a74dd3a59da3270a1d653d59b",
        "version" : "1.0.4"
      }
    }
  ],
  "version" : 2
}
